
Microsoft Visual Studio Solution File, Format Version 12.00
# Visual Studio Version 17
VisualStudioVersion = 17.6.33723.286
MinimumVisualStudioVersion = 10.0.40219.1
Project("{FAE04EC0-301F-11D3-BF4B-00C04F79EFBC}") = "Journal Entry Automation", "Journal Entry Automation\Journal Entry Automation.csproj", "{0D09A76C-221F-4982-896E-632EF26561F8}"
EndProject
Global
	GlobalSection(SolutionConfigurationPlatforms) = preSolution
		Debug|Any CPU = Debug|Any CPU
		Release|Any CPU = Release|Any CPU
	EndGlobalSection
	GlobalSection(ProjectConfigurationPlatforms) = postSolution
		{0D09A76C-221F-4982-896E-632EF26561F8}.Debug|Any CPU.ActiveCfg = Debug|Any CPU
		{0D09A76C-221F-4982-896E-632EF26561F8}.Debug|Any CPU.Build.0 = Debug|Any CPU
		{0D09A76C-221F-4982-896E-632EF26561F8}.Release|Any CPU.ActiveCfg = Release|Any CPU
		{0D09A76C-221F-4982-896E-632EF26561F8}.Release|Any CPU.Build.0 = Release|Any CPU
	EndGlobalSection
	GlobalSection(SolutionProperties) = preSolution
		HideSolutionNode = FALSE
	EndGlobalSection
	GlobalSection(ExtensibilityGlobals) = postSolution
		SolutionGuid = {061A5428-EADB-45D2-9A63-10972791C09F}
	EndGlobalSection
EndGlobal
